
Microsoft Visual Studio Solution File, Format Version 12.00
# Visual Studio Version 17
VisualStudioVersion = 17.0.31903.59
MinimumVisualStudioVersion = 10.0.40219.1
Project("{2150E333-8FDC-42A3-9474-1A3956D46DE8}") = "src", "src", "{827E0CD3-B72D-47B6-A68D-7590B98EB39B}"
EndProject
Project("{FAE04EC0-301F-11D3-BF4B-00C04F79EFBC}") = "ECommerce.Domain", "src\ECommerce.Domain\ECommerce.Domain.csproj", "{A5BD29AB-8203-4223-A642-FAFE7C193E51}"
EndProject
Project("{FAE04EC0-301F-11D3-BF4B-00C04F79EFBC}") = "ECommerce.Application", "src\ECommerce.Application\ECommerce.Application.csproj", "{630C52ED-91B6-47C2-8FBE-1864F93EE9A1}"
EndProject
Project("{FAE04EC0-301F-11D3-BF4B-00C04F79EFBC}") = "ECommerce.Infrastructure", "src\ECommerce.Infrastructure\ECommerce.Infrastructure.csproj", "{5AEE40D9-2F34-4ACD-B128-51FF4BAABEA6}"
EndProject
Project("{FAE04EC0-301F-11D3-BF4B-00C04F79EFBC}") = "ECommerce.Api", "src\ECommerce.Api\ECommerce.Api.csproj", "{CEDF401D-734C-4165-9DB1-9C7C814153FB}"
EndProject
Global
	GlobalSection(SolutionConfigurationPlatforms) = preSolution
		Debug|Any CPU = Debug|Any CPU
		Debug|x64 = Debug|x64
		Debug|x86 = Debug|x86
		Release|Any CPU = Release|Any CPU
		Release|x64 = Release|x64
		Release|x86 = Release|x86
	EndGlobalSection
	GlobalSection(ProjectConfigurationPlatforms) = postSolution
		{A5BD29AB-8203-4223-A642-FAFE7C193E51}.Debug|Any CPU.ActiveCfg = Debug|Any CPU
		{A5BD29AB-8203-4223-A642-FAFE7C193E51}.Debug|Any CPU.Build.0 = Debug|Any CPU
		{A5BD29AB-8203-4223-A642-FAFE7C193E51}.Debug|x64.ActiveCfg = Debug|Any CPU
		{A5BD29AB-8203-4223-A642-FAFE7C193E51}.Debug|x64.Build.0 = Debug|Any CPU
		{A5BD29AB-8203-4223-A642-FAFE7C193E51}.Debug|x86.ActiveCfg = Debug|Any CPU
		{A5BD29AB-8203-4223-A642-FAFE7C193E51}.Debug|x86.Build.0 = Debug|Any CPU
		{A5BD29AB-8203-4223-A642-FAFE7C193E51}.Release|Any CPU.ActiveCfg = Release|Any CPU
		{A5BD29AB-8203-4223-A642-FAFE7C193E51}.Release|Any CPU.Build.0 = Release|Any CPU
		{A5BD29AB-8203-4223-A642-FAFE7C193E51}.Release|x64.ActiveCfg = Release|Any CPU
		{A5BD29AB-8203-4223-A642-FAFE7C193E51}.Release|x64.Build.0 = Release|Any CPU
		{A5BD29AB-8203-4223-A642-FAFE7C193E51}.Release|x86.ActiveCfg = Release|Any CPU
		{A5BD29AB-8203-4223-A642-FAFE7C193E51}.Release|x86.Build.0 = Release|Any CPU
		{630C52ED-91B6-47C2-8FBE-1864F93EE9A1}.Debug|Any CPU.ActiveCfg = Debug|Any CPU
		{630C52ED-91B6-47C2-8FBE-1864F93EE9A1}.Debug|Any CPU.Build.0 = Debug|Any CPU
		{630C52ED-91B6-47C2-8FBE-1864F93EE9A1}.Debug|x64.ActiveCfg = Debug|Any CPU
		{630C52ED-91B6-47C2-8FBE-1864F93EE9A1}.Debug|x64.Build.0 = Debug|Any CPU
		{630C52ED-91B6-47C2-8FBE-1864F93EE9A1}.Debug|x86.ActiveCfg = Debug|Any CPU
		{630C52ED-91B6-47C2-8FBE-1864F93EE9A1}.Debug|x86.Build.0 = Debug|Any CPU
		{630C52ED-91B6-47C2-8FBE-1864F93EE9A1}.Release|Any CPU.ActiveCfg = Release|Any CPU
		{630C52ED-91B6-47C2-8FBE-1864F93EE9A1}.Release|Any CPU.Build.0 = Release|Any CPU
		{630C52ED-91B6-47C2-8FBE-1864F93EE9A1}.Release|x64.ActiveCfg = Release|Any CPU
		{630C52ED-91B6-47C2-8FBE-1864F93EE9A1}.Release|x64.Build.0 = Release|Any CPU
		{630C52ED-91B6-47C2-8FBE-1864F93EE9A1}.Release|x86.ActiveCfg = Release|Any CPU
		{630C52ED-91B6-47C2-8FBE-1864F93EE9A1}.Release|x86.Build.0 = Release|Any CPU
		{5AEE40D9-2F34-4ACD-B128-51FF4BAABEA6}.Debug|Any CPU.ActiveCfg = Debug|Any CPU
		{5AEE40D9-2F34-4ACD-B128-51FF4BAABEA6}.Debug|Any CPU.Build.0 = Debug|Any CPU
		{5AEE40D9-2F34-4ACD-B128-51FF4BAABEA6}.Debug|x64.ActiveCfg = Debug|Any CPU
		{5AEE40D9-2F34-4ACD-B128-51FF4BAABEA6}.Debug|x64.Build.0 = Debug|Any CPU
		{5AEE40D9-2F34-4ACD-B128-51FF4BAABEA6}.Debug|x86.ActiveCfg = Debug|Any CPU
		{5AEE40D9-2F34-4ACD-B128-51FF4BAABEA6}.Debug|x86.Build.0 = Debug|Any CPU
		{5AEE40D9-2F34-4ACD-B128-51FF4BAABEA6}.Release|Any CPU.ActiveCfg = Release|Any CPU
		{5AEE40D9-2F34-4ACD-B128-51FF4BAABEA6}.Release|Any CPU.Build.0 = Release|Any CPU
		{5AEE40D9-2F34-4ACD-B128-51FF4BAABEA6}.Release|x64.ActiveCfg = Release|Any CPU
		{5AEE40D9-2F34-4ACD-B128-51FF4BAABEA6}.Release|x64.Build.0 = Release|Any CPU
		{5AEE40D9-2F34-4ACD-B128-51FF4BAABEA6}.Release|x86.ActiveCfg = Release|Any CPU
		{5AEE40D9-2F34-4ACD-B128-51FF4BAABEA6}.Release|x86.Build.0 = Release|Any CPU
		{CEDF401D-734C-4165-9DB1-9C7C814153FB}.Debug|Any CPU.ActiveCfg = Debug|Any CPU
		{CEDF401D-734C-4165-9DB1-9C7C814153FB}.Debug|Any CPU.Build.0 = Debug|Any CPU
		{CEDF401D-734C-4165-9DB1-9C7C814153FB}.Debug|x64.ActiveCfg = Debug|Any CPU
		{CEDF401D-734C-4165-9DB1-9C7C814153FB}.Debug|x64.Build.0 = Debug|Any CPU
		{CEDF401D-734C-4165-9DB1-9C7C814153FB}.Debug|x86.ActiveCfg = Debug|Any CPU
		{CEDF401D-734C-4165-9DB1-9C7C814153FB}.Debug|x86.Build.0 = Debug|Any CPU
		{CEDF401D-734C-4165-9DB1-9C7C814153FB}.Release|Any CPU.ActiveCfg = Release|Any CPU
		{CEDF401D-734C-4165-9DB1-9C7C814153FB}.Release|Any CPU.Build.0 = Release|Any CPU
		{CEDF401D-734C-4165-9DB1-9C7C814153FB}.Release|x64.ActiveCfg = Release|Any CPU
		{CEDF401D-734C-4165-9DB1-9C7C814153FB}.Release|x64.Build.0 = Release|Any CPU
		{CEDF401D-734C-4165-9DB1-9C7C814153FB}.Release|x86.ActiveCfg = Release|Any CPU
		{CEDF401D-734C-4165-9DB1-9C7C814153FB}.Release|x86.Build.0 = Release|Any CPU
	EndGlobalSection
	GlobalSection(SolutionProperties) = preSolution
		HideSolutionNode = FALSE
	EndGlobalSection
	GlobalSection(NestedProjects) = preSolution
		{A5BD29AB-8203-4223-A642-FAFE7C193E51} = {827E0CD3-B72D-47B6-A68D-7590B98EB39B}
		{630C52ED-91B6-47C2-8FBE-1864F93EE9A1} = {827E0CD3-B72D-47B6-A68D-7590B98EB39B}
		{5AEE40D9-2F34-4ACD-B128-51FF4BAABEA6} = {827E0CD3-B72D-47B6-A68D-7590B98EB39B}
		{CEDF401D-734C-4165-9DB1-9C7C814153FB} = {827E0CD3-B72D-47B6-A68D-7590B98EB39B}
	EndGlobalSection
EndGlobal
